// !$*UTF8*$!
{
	archiveVersion = 1;
	classes = {
	};
	objectVersion = 50;
	objects = {

/* Begin PBXBuildFile section */
		7A8C9BF52092583E0029FCA0 /* AppDelegate.m in Sources */ = {isa = PBXBuildFile; fileRef = 7A8C9BF42092583E0029FCA0 /* AppDelegate.m */; };
		7A8C9BF82092583E0029FCA0 /* ViewController.m in Sources */ = {isa = PBXBuildFile; fileRef = 7A8C9BF72092583E0029FCA0 /* ViewController.m */; };
		7A8C9BFB2092583E0029FCA0 /* Main.storyboard in Resources */ = {isa = PBXBuildFile; fileRef = 7A8C9BF92092583E0029FCA0 /* Main.storyboard */; };
		7A8C9BFD2092583F0029FCA0 /* Assets.xcassets in Resources */ = {isa = PBXBuildFile; fileRef = 7A8C9BFC2092583F0029FCA0 /* Assets.xcassets */; };
		7A8C9C002092583F0029FCA0 /* LaunchScreen.storyboard in Resources */ = {isa = PBXBuildFile; fileRef = 7A8C9BFE2092583F0029FCA0 /* LaunchScreen.storyboard */; };
		7A8C9C032092583F0029FCA0 /* main.m in Sources */ = {isa = PBXBuildFile; fileRef = 7A8C9C022092583F0029FCA0 /* main.m */; };
		7A8C9C0D2092583F0029FCA0 /* CatsTests.m in Sources */ = {isa = PBXBuildFile; fileRef = 7A8C9C0C2092583F0029FCA0 /* CatsTests.m */; };
		7A8C9C182092583F0029FCA0 /* CatsUITests.m in Sources */ = {isa = PBXBuildFile; fileRef = 7A8C9C172092583F0029FCA0 /* CatsUITests.m */; };
		7A8C9C2720926A690029FCA0 /* CatImage.m in Sources */ = {isa = PBXBuildFile; fileRef = 7A8C9C2620926A690029FCA0 /* CatImage.m */; };
/* End PBXBuildFile section */

/* Begin PBXContainerItemProxy section */
		7A8C9C092092583F0029FCA0 /* PBXContainerItemProxy */ = {
			isa = PBXContainerItemProxy;
			containerPortal = 7A8C9BE82092583D0029FCA0 /* Project object */;
			proxyType = 1;
			remoteGlobalIDString = 7A8C9BEF2092583E0029FCA0;
			remoteInfo = Cats;
		};
		7A8C9C142092583F0029FCA0 /* PBXContainerItemProxy */ = {
			isa = PBXContainerItemProxy;
			containerPortal = 7A8C9BE82092583D0029FCA0 /* Project object */;
			proxyType = 1;
			remoteGlobalIDString = 7A8C9BEF2092583E0029FCA0;
			remoteInfo = Cats;
		};
/* End PBXContainerItemProxy section */

/* Begin PBXFileReference section */
		7A8C9BF02092583E0029FCA0 /* Cats.app */ = {isa = PBXFileReference; explicitFileType = wrapper.application; includeInIndex = 0; path = Cats.app; sourceTree = BUILT_PRODUCTS_DIR; };
		7A8C9BF32092583E0029FCA0 /* AppDelegate.h */ = {isa = PBXFileReference; lastKnownFileType = sourcecode.c.h; path = AppDelegate.h; sourceTree = "<group>"; };
		7A8C9BF42092583E0029FCA0 /* AppDelegate.m */ = {isa = PBXFileReference; lastKnownFileType = sourcecode.c.objc; path = AppDelegate.m; sourceTree = "<group>"; };
		7A8C9BF62092583E0029FCA0 /* ViewController.h */ = {isa = PBXFileReference; lastKnownFileType = sourcecode.c.h; path = ViewController.h; sourceTree = "<group>"; };
		7A8C9BF72092583E0029FCA0 /* ViewController.m */ = {isa = PBXFileReference; lastKnownFileType = sourcecode.c.objc; path = ViewController.m; sourceTree = "<group>"; };
		7A8C9BFA2092583E0029FCA0 /* Base */ = {isa = PBXFileReference; lastKnownFileType = file.storyboard; name = Base; path = Base.lproj/Main.storyboard; sourceTree = "<group>"; };
		7A8C9BFC2092583F0029FCA0 /* Assets.xcassets */ = {isa = PBXFileReference; lastKnownFileType = folder.assetcatalog; path = Assets.xcassets; sourceTree = "<group>"; };
		7A8C9BFF2092583F0029FCA0 /* Base */ = {isa = PBXFileReference; lastKnownFileType = file.storyboard; name = Base; path = Base.lproj/LaunchScreen.storyboard; sourceTree = "<group>"; };
		7A8C9C012092583F0029FCA0 /* Info.plist */ = {isa = PBXFileReference; lastKnownFileType = text.plist.xml; path = Info.plist; sourceTree = "<group>"; };
		7A8C9C022092583F0029FCA0 /* main.m */ = {isa = PBXFileReference; lastKnownFileType = sourcecode.c.objc; path = main.m; sourceTree = "<group>"; };
		7A8C9C082092583F0029FCA0 /* CatsTests.xctest */ = {isa = PBXFileReference; explicitFileType = wrapper.cfbundle; includeInIndex = 0; path = CatsTests.xctest; sourceTree = BUILT_PRODUCTS_DIR; };
		7A8C9C0C2092583F0029FCA0 /* CatsTests.m */ = {isa = PBXFileReference; lastKnownFileType = sourcecode.c.objc; path = CatsTests.m; sourceTree = "<group>"; };
		7A8C9C0E2092583F0029FCA0 /* Info.plist */ = {isa = PBXFileReference; lastKnownFileType = text.plist.xml; path = Info.plist; sourceTree = "<group>"; };
		7A8C9C132092583F0029FCA0 /* CatsUITests.xctest */ = {isa = PBXFileReference; explicitFileType = wrapper.cfbundle; includeInIndex = 0; path = CatsUITests.xctest; sourceTree = BUILT_PRODUCTS_DIR; };
		7A8C9C172092583F0029FCA0 /* CatsUITests.m */ = {isa = PBXFileReference; lastKnownFileType = sourcecode.c.objc; path = CatsUITests.m; sourceTree = "<group>"; };
		7A8C9C192092583F0029FCA0 /* Info.plist */ = {isa = PBXFileReference; lastKnownFileType = text.plist.xml; path = Info.plist; sourceTree = "<group>"; };
		7A8C9C2520926A690029FCA0 /* CatImage.h */ = {isa = PBXFileReference; lastKnownFileType = sourcecode.c.h; path = CatImage.h; sourceTree = "<group>"; };
		7A8C9C2620926A690029FCA0 /* CatImage.m */ = {isa = PBXFileReference; lastKnownFileType = sourcecode.c.objc; path = CatImage.m; sourceTree = "<group>"; };
/* End PBXFileReference section */

/* Begin PBXFrameworksBuildPhase section */
		7A8C9BED2092583E0029FCA0 /* Frameworks */ = {
			isa = PBXFrameworksBuildPhase;
			buildActionMask = 2147483647;
			files = (
			);
			runOnlyForDeploymentPostprocessing = 0;
		};
		7A8C9C052092583F0029FCA0 /* Frameworks */ = {
			isa = PBXFrameworksBuildPhase;
			buildActionMask = 2147483647;
			files = (
			);
			runOnlyForDeploymentPostprocessing = 0;
		};
		7A8C9C102092583F0029FCA0 /* Frameworks */ = {
			isa = PBXFrameworksBuildPhase;
			buildActionMask = 2147483647;
			files = (
			);
			runOnlyForDeploymentPostprocessing = 0;
		};
/* End PBXFrameworksBuildPhase section */

/* Begin PBXGroup section */
		7A8C9BE72092583D0029FCA0 = {
			isa = PBXGroup;
			children = (
				7A8C9BF22092583E0029FCA0 /* Cats */,
				7A8C9C0B2092583F0029FCA0 /* CatsTests */,
				7A8C9C162092583F0029FCA0 /* CatsUITests */,
				7A8C9BF12092583E0029FCA0 /* Products */,
			);
			sourceTree = "<group>";
		};
		7A8C9BF12092583E0029FCA0 /* Products */ = {
			isa = PBXGroup;
			children = (
				7A8C9BF02092583E0029FCA0 /* Cats.app */,
				7A8C9C082092583F0029FCA0 /* CatsTests.xctest */,
				7A8C9C132092583F0029FCA0 /* CatsUITests.xctest */,
			);
			name = Products;
			sourceTree = "<group>";
		};
		7A8C9BF22092583E0029FCA0 /* Cats */ = {
			isa = PBXGroup;
			children = (
				7A8C9BF32092583E0029FCA0 /* AppDelegate.h */,
				7A8C9BF42092583E0029FCA0 /* AppDelegate.m */,
				7A8C9BF62092583E0029FCA0 /* ViewController.h */,
				7A8C9BF72092583E0029FCA0 /* ViewController.m */,
				7A8C9BF92092583E0029FCA0 /* Main.storyboard */,
				7A8C9BFC2092583F0029FCA0 /* Assets.xcassets */,
				7A8C9BFE2092583F0029FCA0 /* LaunchScreen.storyboard */,
				7A8C9C012092583F0029FCA0 /* Info.plist */,
				7A8C9C022092583F0029FCA0 /* main.m */,
				7A8C9C2520926A690029FCA0 /* CatImage.h */,
				7A8C9C2620926A690029FCA0 /* CatImage.m */,
			);
			path = Cats;
			sourceTree = "<group>";
		};
		7A8C9C0B2092583F0029FCA0 /* CatsTests */ = {
			isa = PBXGroup;
			children = (
				7A8C9C0C2092583F0029FCA0 /* CatsTests.m */,
				7A8C9C0E2092583F0029FCA0 /* Info.plist */,
			);
			path = CatsTests;
			sourceTree = "<group>";
		};
		7A8C9C162092583F0029FCA0 /* CatsUITests */ = {
			isa = PBXGroup;
			children = (
				7A8C9C172092583F0029FCA0 /* CatsUITests.m */,
				7A8C9C192092583F0029FCA0 /* Info.plist */,
			);
			path = CatsUITests;
			sourceTree = "<group>";
		};
/* End PBXGroup section */

/* Begin PBXNativeTarget section */
		7A8C9BEF2092583E0029FCA0 /* Cats */ = {
			isa = PBXNativeTarget;
			buildConfigurationList = 7A8C9C1C2092583F0029FCA0 /* Build configuration list for PBXNativeTarget "Cats" */;
			buildPhases = (
				7A8C9BEC2092583E0029FCA0 /* Sources */,
				7A8C9BED2092583E0029FCA0 /* Frameworks */,
				7A8C9BEE2092583E0029FCA0 /* Resources */,
			);
			buildRules = (
			);
			dependencies = (
			);
			name = Cats;
			productName = Cats;
			productReference = 7A8C9BF02092583E0029FCA0 /* Cats.app */;
			productType = "com.apple.product-type.application";
		};
		7A8C9C072092583F0029FCA0 /* CatsTests */ = {
			isa = PBXNativeTarget;
			buildConfigurationList = 7A8C9C1F2092583F0029FCA0 /* Build configuration list for PBXNativeTarget "CatsTests" */;
			buildPhases = (
				7A8C9C042092583F0029FCA0 /* Sources */,
				7A8C9C052092583F0029FCA0 /* Frameworks */,
				7A8C9C062092583F0029FCA0 /* Resources */,
			);
			buildRules = (
			);
			dependencies = (
				7A8C9C0A2092583F0029FCA0 /* PBXTargetDependency */,
			);
			name = CatsTests;
			productName = CatsTests;
			productReference = 7A8C9C082092583F0029FCA0 /* CatsTests.xctest */;
			productType = "com.apple.product-type.bundle.unit-test";
		};
		7A8C9C122092583F0029FCA0 /* CatsUITests */ = {
			isa = PBXNativeTarget;
			buildConfigurationList = 7A8C9C222092583F0029FCA0 /* Build configuration list for PBXNativeTarget "CatsUITests" */;
			buildPhases = (
				7A8C9C0F2092583F0029FCA0 /* Sources */,
				7A8C9C102092583F0029FCA0 /* Frameworks */,
				7A8C9C112092583F0029FCA0 /* Resources */,
			);
			buildRules = (
			);
			dependencies = (
				7A8C9C152092583F0029FCA0 /* PBXTargetDependency */,
			);
			name = CatsUITests;
			productName = CatsUITests;
			productReference = 7A8C9C132092583F0029FCA0 /* CatsUITests.xctest */;
			productType = "com.apple.product-type.bundle.ui-testing";
		};
/* End PBXNativeTarget section */

/* Begin PBXProject section */
		7A8C9BE82092583D0029FCA0 /* Project object */ = {
			isa = PBXProject;
			attributes = {
				LastUpgradeCheck = 0930;
				ORGANIZATIONNAME = "Brian Vo";
				TargetAttributes = {
					7A8C9BEF2092583E0029FCA0 = {
						CreatedOnToolsVersion = 9.3;
					};
					7A8C9C072092583F0029FCA0 = {
						CreatedOnToolsVersion = 9.3;
						TestTargetID = 7A8C9BEF2092583E0029FCA0;
					};
					7A8C9C122092583F0029FCA0 = {
						CreatedOnToolsVersion = 9.3;
						TestTargetID = 7A8C9BEF2092583E0029FCA0;
					};
				};
			};
			buildConfigurationList = 7A8C9BEB2092583D0029FCA0 /* Build configuration list for PBXProject "Cats" */;
			compatibilityVersion = "Xcode 9.3";
			developmentRegion = en;
			hasScannedForEncodings = 0;
			knownRegions = (
				en,
				Base,
			);
			mainGroup = 7A8C9BE72092583D0029FCA0;
			productRefGroup = 7A8C9BF12092583E0029FCA0 /* Products */;
			projectDirPath = "";
			projectRoot = "";
			targets = (
				7A8C9BEF2092583E0029FCA0 /* Cats */,
				7A8C9C072092583F0029FCA0 /* CatsTests */,
				7A8C9C122092583F0029FCA0 /* CatsUITests */,
			);
		};
/* End PBXProject section */

/* Begin PBXResourcesBuildPhase section */
		7A8C9BEE2092583E0029FCA0 /* Resources */ = {
			isa = PBXResourcesBuildPhase;
			buildActionMask = 2147483647;
			files = (
				7A8C9C002092583F0029FCA0 /* LaunchScreen.storyboard in Resources */,
				7A8C9BFD2092583F0029FCA0 /* Assets.xcassets in Resources */,
				7A8C9BFB2092583E0029FCA0 /* Main.storyboard in Resources */,
			);
			runOnlyForDeploymentPostprocessing = 0;
		};
		7A8C9C062092583F0029FCA0 /* Resources */ = {
			isa = PBXResourcesBuildPhase;
			buildActionMask = 2147483647;
			files = (
			);
			runOnlyForDeploymentPostprocessing = 0;
		};
		7A8C9C112092583F0029FCA0 /* Resources */ = {
			isa = PBXResourcesBuildPhase;
			buildActionMask = 2147483647;
			files = (
			);
			runOnlyForDeploymentPostprocessing = 0;
		};
/* End PBXResourcesBuildPhase section */

/* Begin PBXSourcesBuildPhase section */
		7A8C9BEC2092583E0029FCA0 /* Sources */ = {
			isa = PBXSourcesBuildPhase;
			buildActionMask = 2147483647;
			files = (
				7A8C9C2720926A690029FCA0 /* CatImage.m in Sources */,
				7A8C9BF82092583E0029FCA0 /* ViewController.m in Sources */,
				7A8C9C032092583F0029FCA0 /* main.m in Sources */,
				7A8C9BF52092583E0029FCA0 /* AppDelegate.m in Sources */,
			);
			runOnlyForDeploymentPostprocessing = 0;
		};
		7A8C9C042092583F0029FCA0 /* Sources */ = {
			isa = PBXSourcesBuildPhase;
			buildActionMask = 2147483647;
			files = (
				7A8C9C0D2092583F0029FCA0 /* CatsTests.m in Sources */,
			);
			runOnlyForDeploymentPostprocessing = 0;
		};
		7A8C9C0F2092583F0029FCA0 /* Sources */ = {
			isa = PBXSourcesBuildPhase;
			buildActionMask = 2147483647;
			files = (
				7A8C9C182092583F0029FCA0 /* CatsUITests.m in Sources */,
			);
			runOnlyForDeploymentPostprocessing = 0;
		};
/* End PBXSourcesBuildPhase section */

/* Begin PBXTargetDependency section */
		7A8C9C0A2092583F0029FCA0 /* PBXTargetDependency */ = {
			isa = PBXTargetDependency;
			target = 7A8C9BEF2092583E0029FCA0 /* Cats */;
			targetProxy = 7A8C9C092092583F0029FCA0 /* PBXContainerItemProxy */;
		};
		7A8C9C152092583F0029FCA0 /* PBXTargetDependency */ = {
			isa = PBXTargetDependency;
			target = 7A8C9BEF2092583E0029FCA0 /* Cats */;
			targetProxy = 7A8C9C142092583F0029FCA0 /* PBXContainerItemProxy */;
		};
/* End PBXTargetDependency section */

/* Begin PBXVariantGroup section */
		7A8C9BF92092583E0029FCA0 /* Main.storyboard */ = {
			isa = PBXVariantGroup;
			children = (
				7A8C9BFA2092583E0029FCA0 /* Base */,
			);
			name = Main.storyboard;
			sourceTree = "<group>";
		};
		7A8C9BFE2092583F0029FCA0 /* LaunchScreen.storyboard */ = {
			isa = PBXVariantGroup;
			children = (
				7A8C9BFF2092583F0029FCA0 /* Base */,
			);
			name = LaunchScreen.storyboard;
			sourceTree = "<group>";
		};
/* End PBXVariantGroup section */

/* Begin XCBuildConfiguration section */
		7A8C9C1A2092583F0029FCA0 /* Debug */ = {
			isa = XCBuildConfiguration;
			buildSettings = {
				ALWAYS_SEARCH_USER_PATHS = NO;
				CLANG_ANALYZER_NONNULL = YES;
				CLANG_ANALYZER_NUMBER_OBJECT_CONVERSION = YES_AGGRESSIVE;
				CLANG_CXX_LANGUAGE_STANDARD = "gnu++14";
				CLANG_CXX_LIBRARY = "libc++";
				CLANG_ENABLE_MODULES = YES;
				CLANG_ENABLE_OBJC_ARC = YES;
				CLANG_ENABLE_OBJC_WEAK = YES;
				CLANG_WARN_BLOCK_CAPTURE_AUTORELEASING = YES;
				CLANG_WARN_BOOL_CONVERSION = YES;
				CLANG_WARN_COMMA = YES;
				CLANG_WARN_CONSTANT_CONVERSION = YES;
				CLANG_WARN_DEPRECATED_OBJC_IMPLEMENTATIONS = YES;
				CLANG_WARN_DIRECT_OBJC_ISA_USAGE = YES_ERROR;
				CLANG_WARN_DOCUMENTATION_COMMENTS = YES;
				CLANG_WARN_EMPTY_BODY = YES;
				CLANG_WARN_ENUM_CONVERSION = YES;
				CLANG_WARN_INFINITE_RECURSION = YES;
				CLANG_WARN_INT_CONVERSION = YES;
				CLANG_WARN_NON_LITERAL_NULL_CONVERSION = YES;
				CLANG_WARN_OBJC_IMPLICIT_RETAIN_SELF = YES;
				CLANG_WARN_OBJC_LITERAL_CONVERSION = YES;
				CLANG_WARN_OBJC_ROOT_CLASS = YES_ERROR;
				CLANG_WARN_RANGE_LOOP_ANALYSIS = YES;
				CLANG_WARN_STRICT_PROTOTYPES = YES;
				CLANG_WARN_SUSPICIOUS_MOVE = YES;
				CLANG_WARN_UNGUARDED_AVAILABILITY = YES_AGGRESSIVE;
				CLANG_WARN_UNREACHABLE_CODE = YES;
				CLANG_WARN__DUPLICATE_METHOD_MATCH = YES;
				CODE_SIGN_IDENTITY = "iPhone Developer";
				COPY_PHASE_STRIP = NO;
				DEBUG_INFORMATION_FORMAT = dwarf;
				ENABLE_STRICT_OBJC_MSGSEND = YES;
				ENABLE_TESTABILITY = YES;
				GCC_C_LANGUAGE_STANDARD = gnu11;
				GCC_DYNAMIC_NO_PIC = NO;
				GCC_NO_COMMON_BLOCKS = YES;
				GCC_OPTIMIZATION_LEVEL = 0;
				GCC_PREPROCESSOR_DEFINITIONS = (
					"DEBUG=1",
					"$(inherited)",
				);
				GCC_WARN_64_TO_32_BIT_CONVERSION = YES;
				GCC_WARN_ABOUT_RETURN_TYPE = YES_ERROR;
				GCC_WARN_UNDECLARED_SELECTOR = YES;
				GCC_WARN_UNINITIALIZED_AUTOS = YES_AGGRESSIVE;
				GCC_WARN_UNUSED_FUNCTION = YES;
				GCC_WARN_UNUSED_VARIABLE = YES;
				IPHONEOS_DEPLOYMENT_TARGET = 11.3;
				MTL_ENABLE_DEBUG_INFO = YES;
				ONLY_ACTIVE_ARCH = YES;
				SDKROOT = iphoneos;
			};
			name = Debug;
		};
		7A8C9C1B2092583F0029FCA0 /* Release */ = {
			isa = XCBuildConfiguration;
			buildSettings = {
				ALWAYS_SEARCH_USER_PATHS = NO;
				CLANG_ANALYZER_NONNULL = YES;
				CLANG_ANALYZER_NUMBER_OBJECT_CONVERSION = YES_AGGRESSIVE;
				CLANG_CXX_LANGUAGE_STANDARD = "gnu++14";
				CLANG_CXX_LIBRARY = "libc++";
				CLANG_ENABLE_MODULES = YES;
				CLANG_ENABLE_OBJC_ARC = YES;
				CLANG_ENABLE_OBJC_WEAK = YES;
				CLANG_WARN_BLOCK_CAPTURE_AUTORELEASING = YES;
				CLANG_WARN_BOOL_CONVERSION = YES;
				CLANG_WARN_COMMA = YES;
				CLANG_WARN_CONSTANT_CONVERSION = YES;
				CLANG_WARN_DEPRECATED_OBJC_IMPLEMENTATIONS = YES;
				CLANG_WARN_DIRECT_OBJC_ISA_USAGE = YES_ERROR;
				CLANG_WARN_DOCUMENTATION_COMMENTS = YES;
				CLANG_WARN_EMPTY_BODY = YES;
				CLANG_WARN_ENUM_CONVERSION = YES;
				CLANG_WARN_INFINITE_RECURSION = YES;
				CLANG_WARN_INT_CONVERSION = YES;
				CLANG_WARN_NON_LITERAL_NULL_CONVERSION = YES;
				CLANG_WARN_OBJC_IMPLICIT_RETAIN_SELF = YES;
				CLANG_WARN_OBJC_LITERAL_CONVERSION = YES;
				CLANG_WARN_OBJC_ROOT_CLASS = YES_ERROR;
				CLANG_WARN_RANGE_LOOP_ANALYSIS = YES;
				CLANG_WARN_STRICT_PROTOTYPES = YES;
				CLANG_WARN_SUSPICIOUS_MOVE = YES;
				CLANG_WARN_UNGUARDED_AVAILABILITY = YES_AGGRESSIVE;
				CLANG_WARN_UNREACHABLE_CODE = YES;
				CLANG_WARN__DUPLICATE_METHOD_MATCH = YES;
				CODE_SIGN_IDENTITY = "iPhone Developer";
				COPY_PHASE_STRIP = NO;
				DEBUG_INFORMATION_FORMAT = "dwarf-with-dsym";
				ENABLE_NS_ASSERTIONS = NO;
				ENABLE_STRICT_OBJC_MSGSEND = YES;
				GCC_C_LANGUAGE_STANDARD = gnu11;
				GCC_NO_COMMON_BLOCKS = YES;
				GCC_WARN_64_TO_32_BIT_CONVERSION = YES;
				GCC_WARN_ABOUT_RETURN_TYPE = YES_ERROR;
				GCC_WARN_UNDECLARED_SELECTOR = YES;
				GCC_WARN_UNINITIALIZED_AUTOS = YES_AGGRESSIVE;
				GCC_WARN_UNUSED_FUNCTION = YES;
				GCC_WARN_UNUSED_VARIABLE = YES;
				IPHONEOS_DEPLOYMENT_TARGET = 11.3;
				MTL_ENABLE_DEBUG_INFO = NO;
				SDKROOT = iphoneos;
				VALIDATE_PRODUCT = YES;
			};
			name = Release;
		};
		7A8C9C1D2092583F0029FCA0 /* Debug */ = {
			isa = XCBuildConfiguration;
			buildSettings = {
				ASSETCATALOG_COMPILER_APPICON_NAME = AppIcon;
				CODE_SIGN_STYLE = Automatic;
				INFOPLIST_FILE = Cats/Info.plist;
				LD_RUNPATH_SEARCH_PATHS = (
					"$(inherited)",
					"@executable_path/Frameworks",
				);
				PRODUCT_BUNDLE_IDENTIFIER = bvo.Cats;
				PRODUCT_NAME = "$(TARGET_NAME)";
				TARGETED_DEVICE_FAMILY = "1,2";
			};
			name = Debug;
		};
		7A8C9C1E2092583F0029FCA0 /* Release */ = {
			isa = XCBuildConfiguration;
			buildSettings = {
				ASSETCATALOG_COMPILER_APPICON_NAME = AppIcon;
				CODE_SIGN_STYLE = Automatic;
				INFOPLIST_FILE = Cats/Info.plist;
				LD_RUNPATH_SEARCH_PATHS = (
					"$(inherited)",
					"@executable_path/Frameworks",
				);
				PRODUCT_BUNDLE_IDENTIFIER = bvo.Cats;
				PRODUCT_NAME = "$(TARGET_NAME)";
				TARGETED_DEVICE_FAMILY = "1,2";
			};
			name = Release;
		};
		7A8C9C202092583F0029FCA0 /* Debug */ = {
			isa = XCBuildConfiguration;
			buildSettings = {
				BUNDLE_LOADER = "$(TEST_HOST)";
				CODE_SIGN_STYLE = Automatic;
				INFOPLIST_FILE = CatsTests/Info.plist;
				LD_RUNPATH_SEARCH_PATHS = (
					"$(inherited)",
					"@executable_path/Frameworks",
					"@loader_path/Frameworks",
				);
				PRODUCT_BUNDLE_IDENTIFIER = bvo.CatsTests;
				PRODUCT_NAME = "$(TARGET_NAME)";
				TARGETED_DEVICE_FAMILY = "1,2";
				TEST_HOST = "$(BUILT_PRODUCTS_DIR)/Cats.app/Cats";
			};
			name = Debug;
		};
		7A8C9C212092583F0029FCA0 /* Release */ = {
			isa = XCBuildConfiguration;
			buildSettings = {
				BUNDLE_LOADER = "$(TEST_HOST)";
				CODE_SIGN_STYLE = Automatic;
				INFOPLIST_FILE = CatsTests/Info.plist;
				LD_RUNPATH_SEARCH_PATHS = (
					"$(inherited)",
					"@executable_path/Frameworks",
					"@loader_path/Frameworks",
				);
				PRODUCT_BUNDLE_IDENTIFIER = bvo.CatsTests;
				PRODUCT_NAME = "$(TARGET_NAME)";
				TARGETED_DEVICE_FAMILY = "1,2";
				TEST_HOST = "$(BUILT_PRODUCTS_DIR)/Cats.app/Cats";
			};
			name = Release;
		};
		7A8C9C232092583F0029FCA0 /* Debug */ = {
			isa = XCBuildConfiguration;
			buildSettings = {
				CODE_SIGN_STYLE = Automatic;
				INFOPLIST_FILE = CatsUITests/Info.plist;
				LD_RUNPATH_SEARCH_PATHS = (
					"$(inherited)",
					"@executable_path/Frameworks",
					"@loader_path/Frameworks",
				);
				PRODUCT_BUNDLE_IDENTIFIER = bvo.CatsUITests;
				PRODUCT_NAME = "$(TARGET_NAME)";
				TARGETED_DEVICE_FAMILY = "1,2";
				TEST_TARGET_NAME = Cats;
			};
			name = Debug;
		};
		7A8C9C242092583F0029FCA0 /* Release */ = {
			isa = XCBuildConfiguration;
			buildSettings = {
				CODE_SIGN_STYLE = Automatic;
				INFOPLIST_FILE = CatsUITests/Info.plist;
				LD_RUNPATH_SEARCH_PATHS = (
					"$(inherited)",
					"@executable_path/Frameworks",
					"@loader_path/Frameworks",
				);
				PRODUCT_BUNDLE_IDENTIFIER = bvo.CatsUITests;
				PRODUCT_NAME = "$(TARGET_NAME)";
				TARGETED_DEVICE_FAMILY = "1,2";
				TEST_TARGET_NAME = Cats;
			};
			name = Release;
		};
/* End XCBuildConfiguration section */

/* Begin XCConfigurationList section */
		7A8C9BEB2092583D0029FCA0 /* Build configuration list for PBXProject "Cats" */ = {
			isa = XCConfigurationList;
			buildConfigurations = (
				7A8C9C1A2092583F0029FCA0 /* Debug */,
				7A8C9C1B2092583F0029FCA0 /* Release */,
			);
			defaultConfigurationIsVisible = 0;
			defaultConfigurationName = Release;
		};
		7A8C9C1C2092583F0029FCA0 /* Build configuration list for PBXNativeTarget "Cats" */ = {
			isa = XCConfigurationList;
			buildConfigurations = (
				7A8C9C1D2092583F0029FCA0 /* Debug */,
				7A8C9C1E2092583F0029FCA0 /* Release */,
			);
			defaultConfigurationIsVisible = 0;
			defaultConfigurationName = Release;
		};
		7A8C9C1F2092583F0029FCA0 /* Build configuration list for PBXNativeTarget "CatsTests" */ = {
			isa = XCConfigurationList;
			buildConfigurations = (
				7A8C9C202092583F0029FCA0 /* Debug */,
				7A8C9C212092583F0029FCA0 /* Release */,
			);
			defaultConfigurationIsVisible = 0;
			defaultConfigurationName = Release;
		};
		7A8C9C222092583F0029FCA0 /* Build configuration list for PBXNativeTarget "CatsUITests" */ = {
			isa = XCConfigurationList;
			buildConfigurations = (
				7A8C9C232092583F0029FCA0 /* Debug */,
				7A8C9C242092583F0029FCA0 /* Release */,
			);
			defaultConfigurationIsVisible = 0;
			defaultConfigurationName = Release;
		};
/* End XCConfigurationList section */
	};
	rootObject = 7A8C9BE82092583D0029FCA0 /* Project object */;
}
